
Microsoft Visual Studio Solution File, Format Version 12.00
# Visual Studio Version 16
VisualStudioVersion = 16.0.29306.81
MinimumVisualStudioVersion = 10.0.40219.1
Project("{FAE04EC0-301F-11D3-BF4B-00C04F79EFBC}") = "Graph Stack in deep", "Graph Stack in deep.csproj", "{7F8D4E84-6A6F-4B22-9EA2-A297898A51F4}"
EndProject
Global
	GlobalSection(SolutionConfigurationPlatforms) = preSolution
		Debug|Any CPU = Debug|Any CPU
		Release|Any CPU = Release|Any CPU
	EndGlobalSection
	GlobalSection(ProjectConfigurationPlatforms) = postSolution
		{7F8D4E84-6A6F-4B22-9EA2-A297898A51F4}.Debug|Any CPU.ActiveCfg = Debug|Any CPU
		{7F8D4E84-6A6F-4B22-9EA2-A297898A51F4}.Debug|Any CPU.Build.0 = Debug|Any CPU
		{7F8D4E84-6A6F-4B22-9EA2-A297898A51F4}.Release|Any CPU.ActiveCfg = Release|Any CPU
		{7F8D4E84-6A6F-4B22-9EA2-A297898A51F4}.Release|Any CPU.Build.0 = Release|Any CPU
	EndGlobalSection
	GlobalSection(SolutionProperties) = preSolution
		HideSolutionNode = FALSE
	EndGlobalSection
	GlobalSection(ExtensibilityGlobals) = postSolution
		SolutionGuid = {387D3B87-C140-4EC2-91DF-644FD7CFBD4C}
	EndGlobalSection
EndGlobal
